
Microsoft Visual Studio Solution File, Format Version 12.00
Project("{FAE04EC0-301F-11D3-BF4B-00C04F79EFBC}") = "Daemon", "Daemon\Daemon.csproj", "{4D04CB12-AE42-40CF-BA6D-78ECCAB41DA7}"
	ProjectSection(ProjectDependencies) = postProject
		{B7730566-03B2-43FA-B106-987278D393E5} = {B7730566-03B2-43FA-B106-987278D393E5}
		{0D2B8026-DD4D-4035-A9E0-CEA2E8941EAC} = {0D2B8026-DD4D-4035-A9E0-CEA2E8941EAC}
	EndProjectSection
EndProject
Project("{FAE04EC0-301F-11D3-BF4B-00C04F79EFBC}") = "Daemon.Shared", "Daemon.Shared\Daemon.Shared.csproj", "{0D2B8026-DD4D-4035-A9E0-CEA2E8941EAC}"
EndProject
Project("{FAE04EC0-301F-11D3-BF4B-00C04F79EFBC}") = "Daemon.Updater", "Daemon.Updater\Daemon.Updater.csproj", "{2E839DE0-699F-4310-B915-F4B30401F28A}"
EndProject
Project("{FAE04EC0-301F-11D3-BF4B-00C04F79EFBC}") = "Daemon.TestPlugin", "Daemon.TestPlugin\Daemon.TestPlugin.csproj", "{0D56F3E8-0E98-41C1-B697-BF9C5D1FCF04}"
EndProject
Global
	GlobalSection(SolutionConfigurationPlatforms) = preSolution
		Debug|Any CPU = Debug|Any CPU
		Release|Any CPU = Release|Any CPU
	EndGlobalSection
	GlobalSection(ProjectConfigurationPlatforms) = postSolution
		{4D04CB12-AE42-40CF-BA6D-78ECCAB41DA7}.Debug|Any CPU.ActiveCfg = Debug|Any CPU
		{4D04CB12-AE42-40CF-BA6D-78ECCAB41DA7}.Debug|Any CPU.Build.0 = Debug|Any CPU
		{4D04CB12-AE42-40CF-BA6D-78ECCAB41DA7}.Release|Any CPU.ActiveCfg = Release|Any CPU
		{4D04CB12-AE42-40CF-BA6D-78ECCAB41DA7}.Release|Any CPU.Build.0 = Release|Any CPU
		{0D2B8026-DD4D-4035-A9E0-CEA2E8941EAC}.Debug|Any CPU.ActiveCfg = Debug|Any CPU
		{0D2B8026-DD4D-4035-A9E0-CEA2E8941EAC}.Debug|Any CPU.Build.0 = Debug|Any CPU
		{0D2B8026-DD4D-4035-A9E0-CEA2E8941EAC}.Release|Any CPU.ActiveCfg = Release|Any CPU
		{0D2B8026-DD4D-4035-A9E0-CEA2E8941EAC}.Release|Any CPU.Build.0 = Release|Any CPU
		{2E839DE0-699F-4310-B915-F4B30401F28A}.Debug|Any CPU.ActiveCfg = Debug|Any CPU
		{2E839DE0-699F-4310-B915-F4B30401F28A}.Debug|Any CPU.Build.0 = Debug|Any CPU
		{2E839DE0-699F-4310-B915-F4B30401F28A}.Release|Any CPU.ActiveCfg = Release|Any CPU
		{2E839DE0-699F-4310-B915-F4B30401F28A}.Release|Any CPU.Build.0 = Release|Any CPU
		{0D56F3E8-0E98-41C1-B697-BF9C5D1FCF04}.Debug|Any CPU.ActiveCfg = Debug|Any CPU
		{0D56F3E8-0E98-41C1-B697-BF9C5D1FCF04}.Debug|Any CPU.Build.0 = Debug|Any CPU
		{0D56F3E8-0E98-41C1-B697-BF9C5D1FCF04}.Release|Any CPU.ActiveCfg = Release|Any CPU
		{0D56F3E8-0E98-41C1-B697-BF9C5D1FCF04}.Release|Any CPU.Build.0 = Release|Any CPU
	EndGlobalSection
EndGlobal
